
Microsoft Visual Studio Solution File, Format Version 12.00
# Visual Studio 15
VisualStudioVersion = 15.0.26430.12
MinimumVisualStudioVersion = 10.0.40219.1
Project("{FAE04EC0-301F-11D3-BF4B-00C04F79EFBC}") = "Hello World", "Hello World\Hello World.csproj", "{82968BF5-7F0A-4338-A5E1-4B247EF3AE40}"
EndProject
Project("{FAE04EC0-301F-11D3-BF4B-00C04F79EFBC}") = "Hello World.Tests", "Hello World.Tests\Hello World.Tests.csproj", "{663C049D-041E-4548-8A01-ADF66FD1B359}"
EndProject
Project("{FAE04EC0-301F-11D3-BF4B-00C04F79EFBC}") = "Migrations", "Migrations\Migrations.csproj", "{D8071FDB-8008-445C-8027-30A7D20BC448}"
EndProject
Global
	GlobalSection(SolutionConfigurationPlatforms) = preSolution
		Debug|Any CPU = Debug|Any CPU
		Release|Any CPU = Release|Any CPU
	EndGlobalSection
	GlobalSection(ProjectConfigurationPlatforms) = postSolution
		{82968BF5-7F0A-4338-A5E1-4B247EF3AE40}.Debug|Any CPU.ActiveCfg = Debug|Any CPU
		{82968BF5-7F0A-4338-A5E1-4B247EF3AE40}.Debug|Any CPU.Build.0 = Debug|Any CPU
		{82968BF5-7F0A-4338-A5E1-4B247EF3AE40}.Release|Any CPU.ActiveCfg = Release|Any CPU
		{82968BF5-7F0A-4338-A5E1-4B247EF3AE40}.Release|Any CPU.Build.0 = Release|Any CPU
		{663C049D-041E-4548-8A01-ADF66FD1B359}.Debug|Any CPU.ActiveCfg = Debug|Any CPU
		{663C049D-041E-4548-8A01-ADF66FD1B359}.Debug|Any CPU.Build.0 = Debug|Any CPU
		{663C049D-041E-4548-8A01-ADF66FD1B359}.Release|Any CPU.ActiveCfg = Release|Any CPU
		{663C049D-041E-4548-8A01-ADF66FD1B359}.Release|Any CPU.Build.0 = Release|Any CPU
		{D8071FDB-8008-445C-8027-30A7D20BC448}.Debug|Any CPU.ActiveCfg = Debug|Any CPU
		{D8071FDB-8008-445C-8027-30A7D20BC448}.Debug|Any CPU.Build.0 = Debug|Any CPU
		{D8071FDB-8008-445C-8027-30A7D20BC448}.Release|Any CPU.ActiveCfg = Release|Any CPU
		{D8071FDB-8008-445C-8027-30A7D20BC448}.Release|Any CPU.Build.0 = Release|Any CPU
	EndGlobalSection
	GlobalSection(SolutionProperties) = preSolution
		HideSolutionNode = FALSE
	EndGlobalSection
EndGlobal
